
Microsoft Visual Studio Solution File, Format Version 12.00
# Visual Studio 14
VisualStudioVersion = 14.0.25420.1
MinimumVisualStudioVersion = 10.0.40219.1
Project("{FAE04EC0-301F-11D3-BF4B-00C04F79EFBC}") = "BlankProject", "BlankProject\BlankProject.csproj", "{B45194F8-5E49-4BF3-8037-234E59D8C0E2}"
EndProject
Project("{FAE04EC0-301F-11D3-BF4B-00C04F79EFBC}") = "DBConnector", "DBConnector\DBConnector.csproj", "{42D68E8E-A365-4D4B-BF86-8A8E6757E0AF}"
EndProject
Global
	GlobalSection(SolutionConfigurationPlatforms) = preSolution
		Debug|Any CPU = Debug|Any CPU
		Release|Any CPU = Release|Any CPU
	EndGlobalSection
	GlobalSection(ProjectConfigurationPlatforms) = postSolution
		{B45194F8-5E49-4BF3-8037-234E59D8C0E2}.Debug|Any CPU.ActiveCfg = Debug|Any CPU
		{B45194F8-5E49-4BF3-8037-234E59D8C0E2}.Debug|Any CPU.Build.0 = Debug|Any CPU
		{B45194F8-5E49-4BF3-8037-234E59D8C0E2}.Release|Any CPU.ActiveCfg = Release|Any CPU
		{B45194F8-5E49-4BF3-8037-234E59D8C0E2}.Release|Any CPU.Build.0 = Release|Any CPU
		{42D68E8E-A365-4D4B-BF86-8A8E6757E0AF}.Debug|Any CPU.ActiveCfg = Debug|Any CPU
		{42D68E8E-A365-4D4B-BF86-8A8E6757E0AF}.Debug|Any CPU.Build.0 = Debug|Any CPU
		{42D68E8E-A365-4D4B-BF86-8A8E6757E0AF}.Release|Any CPU.ActiveCfg = Release|Any CPU
		{42D68E8E-A365-4D4B-BF86-8A8E6757E0AF}.Release|Any CPU.Build.0 = Release|Any CPU
	EndGlobalSection
	GlobalSection(SolutionProperties) = preSolution
		HideSolutionNode = FALSE
	EndGlobalSection
EndGlobal
